{
  "name": "nodeapimodule",
  "version": "1.0.0",
  "lockfileVersion": 2,
  "requires": true,
  "packages": {
    "": {
      "name": "nodeapimodule",
      "version": "1.0.0",
      "license": "ISC",
      "dependencies": {
        "node-addon-api": "^3.2.1"
      }
    },
    "node_modules/node-addon-api": {
      "version": "3.2.1",
      "resolved": "https://registry.npmjs.org/node-addon-api/-/node-addon-api-3.2.1.tgz",
      "integrity": "sha512-mmcei9JghVNDYydghQmeDX8KoAm0FAiYyIcUt/N4nhyAipB17pllZQDOJD2fotxABnt4Mdz+dKTO7eftLg4d0A=="
    }
  },
  "dependencies": {
    "node-addon-api": {
      "version": "3.2.1",
      "resolved": "https://registry.npmjs.org/node-addon-api/-/node-addon-api-3.2.1.tgz",
      "integrity": "sha512-mmcei9JghVNDYydghQmeDX8KoAm0FAiYyIcUt/N4nhyAipB17pllZQDOJD2fotxABnt4Mdz+dKTO7eftLg4d0A=="
    }
  }
}
